
Microsoft Visual Studio Solution File, Format Version 12.00
# Visual Studio 15
VisualStudioVersion = 15.0.27428.2037
MinimumVisualStudioVersion = 10.0.40219.1
Project("{FAE04EC0-301F-11D3-BF4B-00C04F79EFBC}") = "EHSS", "EHSS\EHSS.csproj", "{0AB6A986-8978-4766-9343-0A0488BF69F5}"
EndProject
Global
	GlobalSection(SolutionConfigurationPlatforms) = preSolution
		Debug|Any CPU = Debug|Any CPU
		Release|Any CPU = Release|Any CPU
	EndGlobalSection
	GlobalSection(ProjectConfigurationPlatforms) = postSolution
		{0AB6A986-8978-4766-9343-0A0488BF69F5}.Debug|Any CPU.ActiveCfg = Debug|Any CPU
		{0AB6A986-8978-4766-9343-0A0488BF69F5}.Debug|Any CPU.Build.0 = Debug|Any CPU
		{0AB6A986-8978-4766-9343-0A0488BF69F5}.Release|Any CPU.ActiveCfg = Release|Any CPU
		{0AB6A986-8978-4766-9343-0A0488BF69F5}.Release|Any CPU.Build.0 = Release|Any CPU
	EndGlobalSection
	GlobalSection(SolutionProperties) = preSolution
		HideSolutionNode = FALSE
	EndGlobalSection
	GlobalSection(ExtensibilityGlobals) = postSolution
		SolutionGuid = {F274259C-28DA-4FC8-BF89-C84F0CC02268}
	EndGlobalSection
EndGlobal
